// !$*UTF8*$!
{
	archiveVersion = 1;
	classes = {
	};
	objectVersion = 46;
	objects = {

/* Begin PBXBuildFile section */
		6832A14C1897734100476D5D /* Player.m in Sources */ = {isa = PBXBuildFile; fileRef = 6832A14B1897734100476D5D /* Player.m */; };
		6832A14F1897735900476D5D /* Terrain.m in Sources */ = {isa = PBXBuildFile; fileRef = 6832A14E1897735900476D5D /* Terrain.m */; };
		6832A1521897736700476D5D /* Board.m in Sources */ = {isa = PBXBuildFile; fileRef = 6832A1511897736700476D5D /* Board.m */; };
		6832A1551897754B00476D5D /* Bank.m in Sources */ = {isa = PBXBuildFile; fileRef = 6832A1541897754B00476D5D /* Bank.m */; };
		686C97271888A88500BE6D42 /* Foundation.framework in Frameworks */ = {isa = PBXBuildFile; fileRef = 686C97261888A88500BE6D42 /* Foundation.framework */; };
		686C97291888A88500BE6D42 /* CoreGraphics.framework in Frameworks */ = {isa = PBXBuildFile; fileRef = 686C97281888A88500BE6D42 /* CoreGraphics.framework */; };
		686C972B1888A88500BE6D42 /* UIKit.framework in Frameworks */ = {isa = PBXBuildFile; fileRef = 686C972A1888A88500BE6D42 /* UIKit.framework */; };
		686C972D1888A88500BE6D42 /* SpriteKit.framework in Frameworks */ = {isa = PBXBuildFile; fileRef = 686C972C1888A88500BE6D42 /* SpriteKit.framework */; };
		686C97331888A88500BE6D42 /* InfoPlist.strings in Resources */ = {isa = PBXBuildFile; fileRef = 686C97311888A88500BE6D42 /* InfoPlist.strings */; };
		686C97351888A88500BE6D42 /* main.m in Sources */ = {isa = PBXBuildFile; fileRef = 686C97341888A88500BE6D42 /* main.m */; };
		686C97391888A88500BE6D42 /* AppDelegate.m in Sources */ = {isa = PBXBuildFile; fileRef = 686C97381888A88500BE6D42 /* AppDelegate.m */; };
		686C973C1888A88500BE6D42 /* Main.storyboard in Resources */ = {isa = PBXBuildFile; fileRef = 686C973A1888A88500BE6D42 /* Main.storyboard */; };
		686C973F1888A88500BE6D42 /* ViewController.m in Sources */ = {isa = PBXBuildFile; fileRef = 686C973E1888A88500BE6D42 /* ViewController.m */; };
		686C97421888A88500BE6D42 /* MyScene.m in Sources */ = {isa = PBXBuildFile; fileRef = 686C97411888A88500BE6D42 /* MyScene.m */; };
		686C97441888A88500BE6D42 /* Spaceship.png in Resources */ = {isa = PBXBuildFile; fileRef = 686C97431888A88500BE6D42 /* Spaceship.png */; };
		686C97461888A88500BE6D42 /* Images.xcassets in Resources */ = {isa = PBXBuildFile; fileRef = 686C97451888A88500BE6D42 /* Images.xcassets */; };
		686C974D1888A88500BE6D42 /* XCTest.framework in Frameworks */ = {isa = PBXBuildFile; fileRef = 686C974C1888A88500BE6D42 /* XCTest.framework */; };
		686C974E1888A88600BE6D42 /* Foundation.framework in Frameworks */ = {isa = PBXBuildFile; fileRef = 686C97261888A88500BE6D42 /* Foundation.framework */; };
		686C974F1888A88600BE6D42 /* UIKit.framework in Frameworks */ = {isa = PBXBuildFile; fileRef = 686C972A1888A88500BE6D42 /* UIKit.framework */; };
		686C97571888A88600BE6D42 /* InfoPlist.strings in Resources */ = {isa = PBXBuildFile; fileRef = 686C97551888A88600BE6D42 /* InfoPlist.strings */; };
		686C97591888A88600BE6D42 /* KingsNThingsTests.m in Sources */ = {isa = PBXBuildFile; fileRef = 686C97581888A88600BE6D42 /* KingsNThingsTests.m */; };
		686C976C188F693B00BE6D42 /* desert.png in Resources */ = {isa = PBXBuildFile; fileRef = 686C9763188F693B00BE6D42 /* desert.png */; };
		686C976D188F693B00BE6D42 /* forest.png in Resources */ = {isa = PBXBuildFile; fileRef = 686C9764188F693B00BE6D42 /* forest.png */; };
		686C976E188F693B00BE6D42 /* frozenWaste.png in Resources */ = {isa = PBXBuildFile; fileRef = 686C9765188F693B00BE6D42 /* frozenWaste.png */; };
		686C976F188F693B00BE6D42 /* jungle.png in Resources */ = {isa = PBXBuildFile; fileRef = 686C9766188F693B00BE6D42 /* jungle.png */; };
		686C9770188F693B00BE6D42 /* mountains.png in Resources */ = {isa = PBXBuildFile; fileRef = 686C9767188F693B00BE6D42 /* mountains.png */; };
		686C9771188F693B00BE6D42 /* plains.png in Resources */ = {isa = PBXBuildFile; fileRef = 686C9768188F693B00BE6D42 /* plains.png */; };
		686C9772188F693B00BE6D42 /* sea.png in Resources */ = {isa = PBXBuildFile; fileRef = 686C9769188F693B00BE6D42 /* sea.png */; };
		686C9773188F693B00BE6D42 /* swamp.png in Resources */ = {isa = PBXBuildFile; fileRef = 686C976A188F693B00BE6D42 /* swamp.png */; };
		686C9778188F6B3C00BE6D42 /* board.png in Resources */ = {isa = PBXBuildFile; fileRef = 686C9777188F6B3C00BE6D42 /* board.png */; };
		686C977A188F820800BE6D42 /* bowl.png in Resources */ = {isa = PBXBuildFile; fileRef = 686C9779188F820800BE6D42 /* bowl.png */; };
		686C977C188F861C00BE6D42 /* rack.png in Resources */ = {isa = PBXBuildFile; fileRef = 686C977B188F861C00BE6D42 /* rack.png */; };
		686C9786188F8D1000BE6D42 /* castle.png in Resources */ = {isa = PBXBuildFile; fileRef = 686C977D188F8D1000BE6D42 /* castle.png */; };
		686C9787188F8D1000BE6D42 /* castleN.png in Resources */ = {isa = PBXBuildFile; fileRef = 686C977E188F8D1000BE6D42 /* castleN.png */; };
		686C9788188F8D1000BE6D42 /* citadel.png in Resources */ = {isa = PBXBuildFile; fileRef = 686C977F188F8D1000BE6D42 /* citadel.png */; };
		686C9789188F8D1000BE6D42 /* citadelN.png in Resources */ = {isa = PBXBuildFile; fileRef = 686C9780188F8D1000BE6D42 /* citadelN.png */; };
		686C978A188F8D1000BE6D42 /* keep.png in Resources */ = {isa = PBXBuildFile; fileRef = 686C9781188F8D1000BE6D42 /* keep.png */; };
		686C978B188F8D1000BE6D42 /* keepN.png in Resources */ = {isa = PBXBuildFile; fileRef = 686C9782188F8D1000BE6D42 /* keepN.png */; };
		686C978D188F8D1000BE6D42 /* tower.png in Resources */ = {isa = PBXBuildFile; fileRef = 686C9784188F8D1000BE6D42 /* tower.png */; };
		686C978E188F8D1000BE6D42 /* towerN.png in Resources */ = {isa = PBXBuildFile; fileRef = 686C9785188F8D1000BE6D42 /* towerN.png */; };
		686C97C3188FA3BD00BE6D42 /* sc_1.png in Resources */ = {isa = PBXBuildFile; fileRef = 686C97B8188FA3BD00BE6D42 /* sc_1.png */; };
		686C97C4188FA3BD00BE6D42 /* sc_2.png in Resources */ = {isa = PBXBuildFile; fileRef = 686C97B9188FA3BD00BE6D42 /* sc_2.png */; };
		686C97C5188FA3BD00BE6D42 /* sc_3.png in Resources */ = {isa = PBXBuildFile; fileRef = 686C97BA188FA3BD00BE6D42 /* sc_3.png */; };
		686C97C6188FA3BD00BE6D42 /* sc_4.png in Resources */ = {isa = PBXBuildFile; fileRef = 686C97BB188FA3BD00BE6D42 /* sc_4.png */; };
		686C97C7188FA3BD00BE6D42 /* sc_5.png in Resources */ = {isa = PBXBuildFile; fileRef = 686C97BC188FA3BD00BE6D42 /* sc_5.png */; };
		686C97C8188FA3BD00BE6D42 /* sc_6.png in Resources */ = {isa = PBXBuildFile; fileRef = 686C97BD188FA3BD00BE6D42 /* sc_6.png */; };
		686C97C9188FA3BD00BE6D42 /* sc_7.png in Resources */ = {isa = PBXBuildFile; fileRef = 686C97BE188FA3BD00BE6D42 /* sc_7.png */; };
		686C97CA188FA3BD00BE6D42 /* sc_8.png in Resources */ = {isa = PBXBuildFile; fileRef = 686C97BF188FA3BD00BE6D42 /* sc_8.png */; };
		686C97CB188FA3BD00BE6D42 /* sc_9.png in Resources */ = {isa = PBXBuildFile; fileRef = 686C97C0188FA3BD00BE6D42 /* sc_9.png */; };
		686C97CC188FA3BD00BE6D42 /* sc_10.png in Resources */ = {isa = PBXBuildFile; fileRef = 686C97C1188FA3BD00BE6D42 /* sc_10.png */; };
		686C97CD188FA3BD00BE6D42 /* sc_11.png in Resources */ = {isa = PBXBuildFile; fileRef = 686C97C2188FA3BD00BE6D42 /* sc_11.png */; };
		686C97CF188FA9CC00BE6D42 /* bc.png in Resources */ = {isa = PBXBuildFile; fileRef = 686C97CE188FA9CC00BE6D42 /* bc.png */; };
		C54BA9E518996C4D0030D93B /* GoldFifteen.jpg in Resources */ = {isa = PBXBuildFile; fileRef = C54BA9DF18996C4D0030D93B /* GoldFifteen.jpg */; };
		C54BA9E618996C4D0030D93B /* GoldFive.jpg in Resources */ = {isa = PBXBuildFile; fileRef = C54BA9E018996C4D0030D93B /* GoldFive.jpg */; };
		C54BA9E818996C4D0030D93B /* GoldTen.jpg in Resources */ = {isa = PBXBuildFile; fileRef = C54BA9E218996C4D0030D93B /* GoldTen.jpg */; };
		C54BA9E918996C4D0030D93B /* GoldTwenty.jpg in Resources */ = {isa = PBXBuildFile; fileRef = C54BA9E318996C4D0030D93B /* GoldTwenty.jpg */; };
		C54BA9EA18996C4D0030D93B /* GoldTwo.jpg in Resources */ = {isa = PBXBuildFile; fileRef = C54BA9E418996C4D0030D93B /* GoldTwo.jpg */; };
		E81E3BF31898554000449AA8 /* Creature.m in Sources */ = {isa = PBXBuildFile; fileRef = E81E3BF21898554000449AA8 /* Creature.m */; };
/* End PBXBuildFile section */

/* Begin PBXContainerItemProxy section */
		686C97501888A88600BE6D42 /* PBXContainerItemProxy */ = {
			isa = PBXContainerItemProxy;
			containerPortal = 686C971B1888A88500BE6D42 /* Project object */;
			proxyType = 1;
			remoteGlobalIDString = 686C97221888A88500BE6D42;
			remoteInfo = KingsNThings;
		};
/* End PBXContainerItemProxy section */

/* Begin PBXFileReference section */
		6832A14A1897734100476D5D /* Player.h */ = {isa = PBXFileReference; fileEncoding = 4; lastKnownFileType = sourcecode.c.h; path = Player.h; sourceTree = "<group>"; };
		6832A14B1897734100476D5D /* Player.m */ = {isa = PBXFileReference; fileEncoding = 4; lastKnownFileType = sourcecode.c.objc; path = Player.m; sourceTree = "<group>"; };
		6832A14D1897735900476D5D /* Terrain.h */ = {isa = PBXFileReference; fileEncoding = 4; lastKnownFileType = sourcecode.c.h; path = Terrain.h; sourceTree = "<group>"; };
		6832A14E1897735900476D5D /* Terrain.m */ = {isa = PBXFileReference; fileEncoding = 4; lastKnownFileType = sourcecode.c.objc; path = Terrain.m; sourceTree = "<group>"; };
		6832A1501897736700476D5D /* Board.h */ = {isa = PBXFileReference; fileEncoding = 4; lastKnownFileType = sourcecode.c.h; path = Board.h; sourceTree = "<group>"; };
		6832A1511897736700476D5D /* Board.m */ = {isa = PBXFileReference; fileEncoding = 4; lastKnownFileType = sourcecode.c.objc; path = Board.m; sourceTree = "<group>"; };
		6832A1531897754B00476D5D /* Bank.h */ = {isa = PBXFileReference; fileEncoding = 4; lastKnownFileType = sourcecode.c.h; path = Bank.h; sourceTree = "<group>"; };
		6832A1541897754B00476D5D /* Bank.m */ = {isa = PBXFileReference; fileEncoding = 4; lastKnownFileType = sourcecode.c.objc; path = Bank.m; sourceTree = "<group>"; };
		686C97231888A88500BE6D42 /* KingsNThings.app */ = {isa = PBXFileReference; explicitFileType = wrapper.application; includeInIndex = 0; path = KingsNThings.app; sourceTree = BUILT_PRODUCTS_DIR; };
		686C97261888A88500BE6D42 /* Foundation.framework */ = {isa = PBXFileReference; lastKnownFileType = wrapper.framework; name = Foundation.framework; path = System/Library/Frameworks/Foundation.framework; sourceTree = SDKROOT; };
		686C97281888A88500BE6D42 /* CoreGraphics.framework */ = {isa = PBXFileReference; lastKnownFileType = wrapper.framework; name = CoreGraphics.framework; path = System/Library/Frameworks/CoreGraphics.framework; sourceTree = SDKROOT; };
		686C972A1888A88500BE6D42 /* UIKit.framework */ = {isa = PBXFileReference; lastKnownFileType = wrapper.framework; name = UIKit.framework; path = System/Library/Frameworks/UIKit.framework; sourceTree = SDKROOT; };
		686C972C1888A88500BE6D42 /* SpriteKit.framework */ = {isa = PBXFileReference; lastKnownFileType = wrapper.framework; name = SpriteKit.framework; path = System/Library/Frameworks/SpriteKit.framework; sourceTree = SDKROOT; };
		686C97301888A88500BE6D42 /* KingsNThings-Info.plist */ = {isa = PBXFileReference; lastKnownFileType = text.plist.xml; path = "KingsNThings-Info.plist"; sourceTree = "<group>"; };
		686C97321888A88500BE6D42 /* en */ = {isa = PBXFileReference; lastKnownFileType = text.plist.strings; name = en; path = en.lproj/InfoPlist.strings; sourceTree = "<group>"; };
		686C97341888A88500BE6D42 /* main.m */ = {isa = PBXFileReference; lastKnownFileType = sourcecode.c.objc; path = main.m; sourceTree = "<group>"; };
		686C97361888A88500BE6D42 /* KingsNThings-Prefix.pch */ = {isa = PBXFileReference; lastKnownFileType = sourcecode.c.h; path = "KingsNThings-Prefix.pch"; sourceTree = "<group>"; };
		686C97371888A88500BE6D42 /* AppDelegate.h */ = {isa = PBXFileReference; lastKnownFileType = sourcecode.c.h; path = AppDelegate.h; sourceTree = "<group>"; };
		686C97381888A88500BE6D42 /* AppDelegate.m */ = {isa = PBXFileReference; lastKnownFileType = sourcecode.c.objc; path = AppDelegate.m; sourceTree = "<group>"; };
		686C973B1888A88500BE6D42 /* Base */ = {isa = PBXFileReference; lastKnownFileType = file.storyboard; name = Base; path = Base.lproj/Main.storyboard; sourceTree = "<group>"; };
		686C973D1888A88500BE6D42 /* ViewController.h */ = {isa = PBXFileReference; lastKnownFileType = sourcecode.c.h; path = ViewController.h; sourceTree = "<group>"; };
		686C973E1888A88500BE6D42 /* ViewController.m */ = {isa = PBXFileReference; lastKnownFileType = sourcecode.c.objc; path = ViewController.m; sourceTree = "<group>"; };
		686C97401888A88500BE6D42 /* MyScene.h */ = {isa = PBXFileReference; lastKnownFileType = sourcecode.c.h; path = MyScene.h; sourceTree = "<group>"; };
		686C97411888A88500BE6D42 /* MyScene.m */ = {isa = PBXFileReference; lastKnownFileType = sourcecode.c.objc; path = MyScene.m; sourceTree = "<group>"; };
		686C97431888A88500BE6D42 /* Spaceship.png */ = {isa = PBXFileReference; lastKnownFileType = image.png; path = Spaceship.png; sourceTree = "<group>"; };
		686C97451888A88500BE6D42 /* Images.xcassets */ = {isa = PBXFileReference; lastKnownFileType = folder.assetcatalog; path = Images.xcassets; sourceTree = "<group>"; };
		686C974B1888A88500BE6D42 /* KingsNThingsTests.xctest */ = {isa = PBXFileReference; explicitFileType = wrapper.cfbundle; includeInIndex = 0; path = KingsNThingsTests.xctest; sourceTree = BUILT_PRODUCTS_DIR; };
		686C974C1888A88500BE6D42 /* XCTest.framework */ = {isa = PBXFileReference; lastKnownFileType = wrapper.framework; name = XCTest.framework; path = Library/Frameworks/XCTest.framework; sourceTree = DEVELOPER_DIR; };
		686C97541888A88600BE6D42 /* KingsNThingsTests-Info.plist */ = {isa = PBXFileReference; lastKnownFileType = text.plist.xml; path = "KingsNThingsTests-Info.plist"; sourceTree = "<group>"; };
		686C97561888A88600BE6D42 /* en */ = {isa = PBXFileReference; lastKnownFileType = text.plist.strings; name = en; path = en.lproj/InfoPlist.strings; sourceTree = "<group>"; };
		686C97581888A88600BE6D42 /* KingsNThingsTests.m */ = {isa = PBXFileReference; lastKnownFileType = sourcecode.c.objc; path = KingsNThingsTests.m; sourceTree = "<group>"; };
		686C9763188F693B00BE6D42 /* desert.png */ = {isa = PBXFileReference; lastKnownFileType = image.png; path = desert.png; sourceTree = "<group>"; };
		686C9764188F693B00BE6D42 /* forest.png */ = {isa = PBXFileReference; lastKnownFileType = image.png; path = forest.png; sourceTree = "<group>"; };
		686C9765188F693B00BE6D42 /* frozenWaste.png */ = {isa = PBXFileReference; lastKnownFileType = image.png; path = frozenWaste.png; sourceTree = "<group>"; };
		686C9766188F693B00BE6D42 /* jungle.png */ = {isa = PBXFileReference; lastKnownFileType = image.png; path = jungle.png; sourceTree = "<group>"; };
		686C9767188F693B00BE6D42 /* mountains.png */ = {isa = PBXFileReference; lastKnownFileType = image.png; path = mountains.png; sourceTree = "<group>"; };
		686C9768188F693B00BE6D42 /* plains.png */ = {isa = PBXFileReference; lastKnownFileType = image.png; path = plains.png; sourceTree = "<group>"; };
		686C9769188F693B00BE6D42 /* sea.png */ = {isa = PBXFileReference; lastKnownFileType = image.png; path = sea.png; sourceTree = "<group>"; };
		686C976A188F693B00BE6D42 /* swamp.png */ = {isa = PBXFileReference; lastKnownFileType = image.png; path = swamp.png; sourceTree = "<group>"; };
		686C9777188F6B3C00BE6D42 /* board.png */ = {isa = PBXFileReference; lastKnownFileType = image.png; path = board.png; sourceTree = "<group>"; };
		686C9779188F820800BE6D42 /* bowl.png */ = {isa = PBXFileReference; lastKnownFileType = image.png; path = bowl.png; sourceTree = "<group>"; };
		686C977B188F861C00BE6D42 /* rack.png */ = {isa = PBXFileReference; lastKnownFileType = image.png; path = rack.png; sourceTree = "<group>"; };
		686C977D188F8D1000BE6D42 /* castle.png */ = {isa = PBXFileReference; lastKnownFileType = image.png; path = castle.png; sourceTree = "<group>"; };
		686C977E188F8D1000BE6D42 /* castleN.png */ = {isa = PBXFileReference; lastKnownFileType = image.png; path = castleN.png; sourceTree = "<group>"; };
		686C977F188F8D1000BE6D42 /* citadel.png */ = {isa = PBXFileReference; lastKnownFileType = image.png; path = citadel.png; sourceTree = "<group>"; };
		686C9780188F8D1000BE6D42 /* citadelN.png */ = {isa = PBXFileReference; lastKnownFileType = image.png; path = citadelN.png; sourceTree = "<group>"; };
		686C9781188F8D1000BE6D42 /* keep.png */ = {isa = PBXFileReference; lastKnownFileType = image.png; path = keep.png; sourceTree = "<group>"; };
		686C9782188F8D1000BE6D42 /* keepN.png */ = {isa = PBXFileReference; lastKnownFileType = image.png; path = keepN.png; sourceTree = "<group>"; };
		686C9784188F8D1000BE6D42 /* tower.png */ = {isa = PBXFileReference; lastKnownFileType = image.png; path = tower.png; sourceTree = "<group>"; };
		686C9785188F8D1000BE6D42 /* towerN.png */ = {isa = PBXFileReference; lastKnownFileType = image.png; path = towerN.png; sourceTree = "<group>"; };
		686C97B8188FA3BD00BE6D42 /* sc_1.png */ = {isa = PBXFileReference; lastKnownFileType = image.png; path = sc_1.png; sourceTree = "<group>"; };
		686C97B9188FA3BD00BE6D42 /* sc_2.png */ = {isa = PBXFileReference; lastKnownFileType = image.png; path = sc_2.png; sourceTree = "<group>"; };
		686C97BA188FA3BD00BE6D42 /* sc_3.png */ = {isa = PBXFileReference; lastKnownFileType = image.png; path = sc_3.png; sourceTree = "<group>"; };
		686C97BB188FA3BD00BE6D42 /* sc_4.png */ = {isa = PBXFileReference; lastKnownFileType = image.png; path = sc_4.png; sourceTree = "<group>"; };
		686C97BC188FA3BD00BE6D42 /* sc_5.png */ = {isa = PBXFileReference; lastKnownFileType = image.png; path = sc_5.png; sourceTree = "<group>"; };
		686C97BD188FA3BD00BE6D42 /* sc_6.png */ = {isa = PBXFileReference; lastKnownFileType = image.png; path = sc_6.png; sourceTree = "<group>"; };
		686C97BE188FA3BD00BE6D42 /* sc_7.png */ = {isa = PBXFileReference; lastKnownFileType = image.png; path = sc_7.png; sourceTree = "<group>"; };
		686C97BF188FA3BD00BE6D42 /* sc_8.png */ = {isa = PBXFileReference; lastKnownFileType = image.png; path = sc_8.png; sourceTree = "<group>"; };
		686C97C0188FA3BD00BE6D42 /* sc_9.png */ = {isa = PBXFileReference; lastKnownFileType = image.png; path = sc_9.png; sourceTree = "<group>"; };
		686C97C1188FA3BD00BE6D42 /* sc_10.png */ = {isa = PBXFileReference; lastKnownFileType = image.png; path = sc_10.png; sourceTree = "<group>"; };
		686C97C2188FA3BD00BE6D42 /* sc_11.png */ = {isa = PBXFileReference; lastKnownFileType = image.png; path = sc_11.png; sourceTree = "<group>"; };
		686C97CE188FA9CC00BE6D42 /* bc.png */ = {isa = PBXFileReference; lastKnownFileType = image.png; path = bc.png; sourceTree = "<group>"; };
		C54BA9DF18996C4D0030D93B /* GoldFifteen.jpg */ = {isa = PBXFileReference; lastKnownFileType = image.jpeg; path = GoldFifteen.jpg; sourceTree = "<group>"; };
		C54BA9E018996C4D0030D93B /* GoldFive.jpg */ = {isa = PBXFileReference; lastKnownFileType = image.jpeg; path = GoldFive.jpg; sourceTree = "<group>"; };
		C54BA9E218996C4D0030D93B /* GoldTen.jpg */ = {isa = PBXFileReference; lastKnownFileType = image.jpeg; path = GoldTen.jpg; sourceTree = "<group>"; };
		C54BA9E318996C4D0030D93B /* GoldTwenty.jpg */ = {isa = PBXFileReference; lastKnownFileType = image.jpeg; path = GoldTwenty.jpg; sourceTree = "<group>"; };
		C54BA9E418996C4D0030D93B /* GoldTwo.jpg */ = {isa = PBXFileReference; lastKnownFileType = image.jpeg; path = GoldTwo.jpg; sourceTree = "<group>"; };
		E81E3BF11898554000449AA8 /* Creature.h */ = {isa = PBXFileReference; fileEncoding = 4; lastKnownFileType = sourcecode.c.h; path = Creature.h; sourceTree = "<group>"; };
		E81E3BF21898554000449AA8 /* Creature.m */ = {isa = PBXFileReference; fileEncoding = 4; lastKnownFileType = sourcecode.c.objc; path = Creature.m; sourceTree = "<group>"; };
/* End PBXFileReference section */

/* Begin PBXFrameworksBuildPhase section */
		686C97201888A88500BE6D42 /* Frameworks */ = {
			isa = PBXFrameworksBuildPhase;
			buildActionMask = 2147483647;
			files = (
				686C97291888A88500BE6D42 /* CoreGraphics.framework in Frameworks */,
				686C972B1888A88500BE6D42 /* UIKit.framework in Frameworks */,
				686C972D1888A88500BE6D42 /* SpriteKit.framework in Frameworks */,
				686C97271888A88500BE6D42 /* Foundation.framework in Frameworks */,
			);
			runOnlyForDeploymentPostprocessing = 0;
		};
		686C97481888A88500BE6D42 /* Frameworks */ = {
			isa = PBXFrameworksBuildPhase;
			buildActionMask = 2147483647;
			files = (
				686C974D1888A88500BE6D42 /* XCTest.framework in Frameworks */,
				686C974F1888A88600BE6D42 /* UIKit.framework in Frameworks */,
				686C974E1888A88600BE6D42 /* Foundation.framework in Frameworks */,
			);
			runOnlyForDeploymentPostprocessing = 0;
		};
/* End PBXFrameworksBuildPhase section */

/* Begin PBXGroup section */
		686C971A1888A88500BE6D42 = {
			isa = PBXGroup;
			children = (
				686C972E1888A88500BE6D42 /* KingsNThings */,
				686C97521888A88600BE6D42 /* KingsNThingsTests */,
				686C97251888A88500BE6D42 /* Frameworks */,
				686C97241888A88500BE6D42 /* Products */,
			);
			sourceTree = "<group>";
		};
		686C97241888A88500BE6D42 /* Products */ = {
			isa = PBXGroup;
			children = (
				686C97231888A88500BE6D42 /* KingsNThings.app */,
				686C974B1888A88500BE6D42 /* KingsNThingsTests.xctest */,
			);
			name = Products;
			sourceTree = "<group>";
		};
		686C97251888A88500BE6D42 /* Frameworks */ = {
			isa = PBXGroup;
			children = (
				686C97261888A88500BE6D42 /* Foundation.framework */,
				686C97281888A88500BE6D42 /* CoreGraphics.framework */,
				686C972A1888A88500BE6D42 /* UIKit.framework */,
				686C972C1888A88500BE6D42 /* SpriteKit.framework */,
				686C974C1888A88500BE6D42 /* XCTest.framework */,
			);
			name = Frameworks;
			sourceTree = "<group>";
		};
		686C972E1888A88500BE6D42 /* KingsNThings */ = {
			isa = PBXGroup;
			children = (
				686C9762188F693B00BE6D42 /* images */,
				686C97371888A88500BE6D42 /* AppDelegate.h */,
				686C97381888A88500BE6D42 /* AppDelegate.m */,
				686C973A1888A88500BE6D42 /* Main.storyboard */,
				686C973D1888A88500BE6D42 /* ViewController.h */,
				686C973E1888A88500BE6D42 /* ViewController.m */,
				686C97401888A88500BE6D42 /* MyScene.h */,
				686C97411888A88500BE6D42 /* MyScene.m */,
				686C97431888A88500BE6D42 /* Spaceship.png */,
				686C97451888A88500BE6D42 /* Images.xcassets */,
				686C972F1888A88500BE6D42 /* Supporting Files */,
				6832A14A1897734100476D5D /* Player.h */,
				6832A14B1897734100476D5D /* Player.m */,
				6832A14D1897735900476D5D /* Terrain.h */,
				6832A14E1897735900476D5D /* Terrain.m */,
				6832A1501897736700476D5D /* Board.h */,
				6832A1511897736700476D5D /* Board.m */,
				6832A1531897754B00476D5D /* Bank.h */,
				6832A1541897754B00476D5D /* Bank.m */,
				E81E3BF11898554000449AA8 /* Creature.h */,
				E81E3BF21898554000449AA8 /* Creature.m */,
			);
			path = KingsNThings;
			sourceTree = "<group>";
		};
		686C972F1888A88500BE6D42 /* Supporting Files */ = {
			isa = PBXGroup;
			children = (
				686C97301888A88500BE6D42 /* KingsNThings-Info.plist */,
				686C97311888A88500BE6D42 /* InfoPlist.strings */,
				686C97341888A88500BE6D42 /* main.m */,
				686C97361888A88500BE6D42 /* KingsNThings-Prefix.pch */,
			);
			name = "Supporting Files";
			sourceTree = "<group>";
		};
		686C97521888A88600BE6D42 /* KingsNThingsTests */ = {
			isa = PBXGroup;
			children = (
				686C97581888A88600BE6D42 /* KingsNThingsTests.m */,
				686C97531888A88600BE6D42 /* Supporting Files */,
			);
			path = KingsNThingsTests;
			sourceTree = "<group>";
		};
		686C97531888A88600BE6D42 /* Supporting Files */ = {
			isa = PBXGroup;
			children = (
				686C97541888A88600BE6D42 /* KingsNThingsTests-Info.plist */,
				686C97551888A88600BE6D42 /* InfoPlist.strings */,
			);
			name = "Supporting Files";
			sourceTree = "<group>";
		};
		686C9762188F693B00BE6D42 /* images */ = {
			isa = PBXGroup;
			children = (
				686C97B7188F9F8800BE6D42 /* special creatures */,
				686C979F188F976F00BE6D42 /* citadels */,
				686C977B188F861C00BE6D42 /* rack.png */,
				C54BA9EB18996C610030D93B /* Golds */,
				686C9779188F820800BE6D42 /* bowl.png */,
				686C9777188F6B3C00BE6D42 /* board.png */,
				686C97A0188F977F00BE6D42 /* terrains */,
			);
			path = images;
			sourceTree = "<group>";
		};
		686C979F188F976F00BE6D42 /* citadels */ = {
			isa = PBXGroup;
			children = (
				686C977D188F8D1000BE6D42 /* castle.png */,
				686C977E188F8D1000BE6D42 /* castleN.png */,
				686C977F188F8D1000BE6D42 /* citadel.png */,
				686C9780188F8D1000BE6D42 /* citadelN.png */,
				686C9781188F8D1000BE6D42 /* keep.png */,
				686C9782188F8D1000BE6D42 /* keepN.png */,
				686C9784188F8D1000BE6D42 /* tower.png */,
				686C9785188F8D1000BE6D42 /* towerN.png */,
			);
			name = citadels;
			sourceTree = "<group>";
		};
		686C97A0188F977F00BE6D42 /* terrains */ = {
			isa = PBXGroup;
			children = (
				686C9763188F693B00BE6D42 /* desert.png */,
				686C9764188F693B00BE6D42 /* forest.png */,
				686C9765188F693B00BE6D42 /* frozenWaste.png */,
				686C9766188F693B00BE6D42 /* jungle.png */,
				686C9767188F693B00BE6D42 /* mountains.png */,
				686C9768188F693B00BE6D42 /* plains.png */,
				686C9769188F693B00BE6D42 /* sea.png */,
				686C976A188F693B00BE6D42 /* swamp.png */,
			);
			name = terrains;
			sourceTree = "<group>";
		};
		686C97B7188F9F8800BE6D42 /* special creatures */ = {
			isa = PBXGroup;
			children = (
				686C97CE188FA9CC00BE6D42 /* bc.png */,
				686C97B8188FA3BD00BE6D42 /* sc_1.png */,
				686C97B9188FA3BD00BE6D42 /* sc_2.png */,
				686C97BA188FA3BD00BE6D42 /* sc_3.png */,
				686C97BB188FA3BD00BE6D42 /* sc_4.png */,
				686C97BC188FA3BD00BE6D42 /* sc_5.png */,
				686C97BD188FA3BD00BE6D42 /* sc_6.png */,
				686C97BE188FA3BD00BE6D42 /* sc_7.png */,
				686C97BF188FA3BD00BE6D42 /* sc_8.png */,
				686C97C0188FA3BD00BE6D42 /* sc_9.png */,
				686C97C1188FA3BD00BE6D42 /* sc_10.png */,
				686C97C2188FA3BD00BE6D42 /* sc_11.png */,
			);
			name = "special creatures";
			sourceTree = "<group>";
		};
		C54BA9EB18996C610030D93B /* Golds */ = {
			isa = PBXGroup;
			children = (
				C54BA9E418996C4D0030D93B /* GoldTwo.jpg */,
				C54BA9E318996C4D0030D93B /* GoldTwenty.jpg */,
				C54BA9E218996C4D0030D93B /* GoldTen.jpg */,
				C54BA9DF18996C4D0030D93B /* GoldFifteen.jpg */,
				C54BA9E018996C4D0030D93B /* GoldFive.jpg */,
			);
			name = Golds;
			sourceTree = "<group>";
		};
/* End PBXGroup section */

/* Begin PBXNativeTarget section */
		686C97221888A88500BE6D42 /* KingsNThings */ = {
			isa = PBXNativeTarget;
			buildConfigurationList = 686C975C1888A88600BE6D42 /* Build configuration list for PBXNativeTarget "KingsNThings" */;
			buildPhases = (
				686C971F1888A88500BE6D42 /* Sources */,
				686C97201888A88500BE6D42 /* Frameworks */,
				686C97211888A88500BE6D42 /* Resources */,
			);
			buildRules = (
			);
			dependencies = (
			);
			name = KingsNThings;
			productName = KingsNThings;
			productReference = 686C97231888A88500BE6D42 /* KingsNThings.app */;
			productType = "com.apple.product-type.application";
		};
		686C974A1888A88500BE6D42 /* KingsNThingsTests */ = {
			isa = PBXNativeTarget;
			buildConfigurationList = 686C975F1888A88600BE6D42 /* Build configuration list for PBXNativeTarget "KingsNThingsTests" */;
			buildPhases = (
				686C97471888A88500BE6D42 /* Sources */,
				686C97481888A88500BE6D42 /* Frameworks */,
				686C97491888A88500BE6D42 /* Resources */,
			);
			buildRules = (
			);
			dependencies = (
				686C97511888A88600BE6D42 /* PBXTargetDependency */,
			);
			name = KingsNThingsTests;
			productName = KingsNThingsTests;
			productReference = 686C974B1888A88500BE6D42 /* KingsNThingsTests.xctest */;
			productType = "com.apple.product-type.bundle.unit-test";
		};
/* End PBXNativeTarget section */

/* Begin PBXProject section */
		686C971B1888A88500BE6D42 /* Project object */ = {
			isa = PBXProject;
			attributes = {
				LastUpgradeCheck = 0500;
				ORGANIZATIONNAME = Tinrit;
				TargetAttributes = {
					686C974A1888A88500BE6D42 = {
						TestTargetID = 686C97221888A88500BE6D42;
					};
				};
			};
			buildConfigurationList = 686C971E1888A88500BE6D42 /* Build configuration list for PBXProject "KingsNThings" */;
			compatibilityVersion = "Xcode 3.2";
			developmentRegion = English;
			hasScannedForEncodings = 0;
			knownRegions = (
				en,
				Base,
			);
			mainGroup = 686C971A1888A88500BE6D42;
			productRefGroup = 686C97241888A88500BE6D42 /* Products */;
			projectDirPath = "";
			projectRoot = "";
			targets = (
				686C97221888A88500BE6D42 /* KingsNThings */,
				686C974A1888A88500BE6D42 /* KingsNThingsTests */,
			);
		};
/* End PBXProject section */

/* Begin PBXResourcesBuildPhase section */
		686C97211888A88500BE6D42 /* Resources */ = {
			isa = PBXResourcesBuildPhase;
			buildActionMask = 2147483647;
			files = (
				686C97331888A88500BE6D42 /* InfoPlist.strings in Resources */,
				C54BA9E518996C4D0030D93B /* GoldFifteen.jpg in Resources */,
				686C97C7188FA3BD00BE6D42 /* sc_5.png in Resources */,
				686C97C4188FA3BD00BE6D42 /* sc_2.png in Resources */,
				686C97C6188FA3BD00BE6D42 /* sc_4.png in Resources */,
				686C978B188F8D1000BE6D42 /* keepN.png in Resources */,
				686C9772188F693B00BE6D42 /* sea.png in Resources */,
				686C976E188F693B00BE6D42 /* frozenWaste.png in Resources */,
				686C97CC188FA3BD00BE6D42 /* sc_10.png in Resources */,
				686C9770188F693B00BE6D42 /* mountains.png in Resources */,
				686C9788188F8D1000BE6D42 /* citadel.png in Resources */,
				686C97CB188FA3BD00BE6D42 /* sc_9.png in Resources */,
				686C978D188F8D1000BE6D42 /* tower.png in Resources */,
				C54BA9E918996C4D0030D93B /* GoldTwenty.jpg in Resources */,
				686C97C8188FA3BD00BE6D42 /* sc_6.png in Resources */,
				686C97C9188FA3BD00BE6D42 /* sc_7.png in Resources */,
				686C9773188F693B00BE6D42 /* swamp.png in Resources */,
				686C976F188F693B00BE6D42 /* jungle.png in Resources */,
				686C97461888A88500BE6D42 /* Images.xcassets in Resources */,
				C54BA9E818996C4D0030D93B /* GoldTen.jpg in Resources */,
				686C9778188F6B3C00BE6D42 /* board.png in Resources */,
				686C976C188F693B00BE6D42 /* desert.png in Resources */,
				686C978E188F8D1000BE6D42 /* towerN.png in Resources */,
				686C9786188F8D1000BE6D42 /* castle.png in Resources */,
				686C9771188F693B00BE6D42 /* plains.png in Resources */,
				686C97441888A88500BE6D42 /* Spaceship.png in Resources */,
				686C976D188F693B00BE6D42 /* forest.png in Resources */,
				686C97C3188FA3BD00BE6D42 /* sc_1.png in Resources */,
				686C97CA188FA3BD00BE6D42 /* sc_8.png in Resources */,
				C54BA9EA18996C4D0030D93B /* GoldTwo.jpg in Resources */,
				686C9787188F8D1000BE6D42 /* castleN.png in Resources */,
				686C97CD188FA3BD00BE6D42 /* sc_11.png in Resources */,
				686C977C188F861C00BE6D42 /* rack.png in Resources */,
				686C978A188F8D1000BE6D42 /* keep.png in Resources */,
				686C97CF188FA9CC00BE6D42 /* bc.png in Resources */,
				686C973C1888A88500BE6D42 /* Main.storyboard in Resources */,
				C54BA9E618996C4D0030D93B /* GoldFive.jpg in Resources */,
				686C9789188F8D1000BE6D42 /* citadelN.png in Resources */,
				686C977A188F820800BE6D42 /* bowl.png in Resources */,
				686C97C5188FA3BD00BE6D42 /* sc_3.png in Resources */,
			);
			runOnlyForDeploymentPostprocessing = 0;
		};
		686C97491888A88500BE6D42 /* Resources */ = {
			isa = PBXResourcesBuildPhase;
			buildActionMask = 2147483647;
			files = (
				686C97571888A88600BE6D42 /* InfoPlist.strings in Resources */,
			);
			runOnlyForDeploymentPostprocessing = 0;
		};
/* End PBXResourcesBuildPhase section */

/* Begin PBXSourcesBuildPhase section */
		686C971F1888A88500BE6D42 /* Sources */ = {
			isa = PBXSourcesBuildPhase;
			buildActionMask = 2147483647;
			files = (
				6832A1521897736700476D5D /* Board.m in Sources */,
				686C97421888A88500BE6D42 /* MyScene.m in Sources */,
				686C973F1888A88500BE6D42 /* ViewController.m in Sources */,
				686C97391888A88500BE6D42 /* AppDelegate.m in Sources */,
				6832A14F1897735900476D5D /* Terrain.m in Sources */,
				6832A1551897754B00476D5D /* Bank.m in Sources */,
				686C97351888A88500BE6D42 /* main.m in Sources */,
				6832A14C1897734100476D5D /* Player.m in Sources */,
				E81E3BF31898554000449AA8 /* Creature.m in Sources */,
			);
			runOnlyForDeploymentPostprocessing = 0;
		};
		686C97471888A88500BE6D42 /* Sources */ = {
			isa = PBXSourcesBuildPhase;
			buildActionMask = 2147483647;
			files = (
				686C97591888A88600BE6D42 /* KingsNThingsTests.m in Sources */,
			);
			runOnlyForDeploymentPostprocessing = 0;
		};
/* End PBXSourcesBuildPhase section */

/* Begin PBXTargetDependency section */
		686C97511888A88600BE6D42 /* PBXTargetDependency */ = {
			isa = PBXTargetDependency;
			target = 686C97221888A88500BE6D42 /* KingsNThings */;
			targetProxy = 686C97501888A88600BE6D42 /* PBXContainerItemProxy */;
		};
/* End PBXTargetDependency section */

/* Begin PBXVariantGroup section */
		686C97311888A88500BE6D42 /* InfoPlist.strings */ = {
			isa = PBXVariantGroup;
			children = (
				686C97321888A88500BE6D42 /* en */,
			);
			name = InfoPlist.strings;
			sourceTree = "<group>";
		};
		686C973A1888A88500BE6D42 /* Main.storyboard */ = {
			isa = PBXVariantGroup;
			children = (
				686C973B1888A88500BE6D42 /* Base */,
			);
			name = Main.storyboard;
			sourceTree = "<group>";
		};
		686C97551888A88600BE6D42 /* InfoPlist.strings */ = {
			isa = PBXVariantGroup;
			children = (
				686C97561888A88600BE6D42 /* en */,
			);
			name = InfoPlist.strings;
			sourceTree = "<group>";
		};
/* End PBXVariantGroup section */

/* Begin XCBuildConfiguration section */
		686C975A1888A88600BE6D42 /* Debug */ = {
			isa = XCBuildConfiguration;
			buildSettings = {
				ALWAYS_SEARCH_USER_PATHS = NO;
				ARCHS = "$(ARCHS_STANDARD_INCLUDING_64_BIT)";
				CLANG_CXX_LANGUAGE_STANDARD = "gnu++0x";
				CLANG_CXX_LIBRARY = "libc++";
				CLANG_ENABLE_MODULES = YES;
				CLANG_ENABLE_OBJC_ARC = YES;
				CLANG_WARN_BOOL_CONVERSION = YES;
				CLANG_WARN_CONSTANT_CONVERSION = YES;
				CLANG_WARN_DIRECT_OBJC_ISA_USAGE = YES_ERROR;
				CLANG_WARN_EMPTY_BODY = YES;
				CLANG_WARN_ENUM_CONVERSION = YES;
				CLANG_WARN_INT_CONVERSION = YES;
				CLANG_WARN_OBJC_ROOT_CLASS = YES_ERROR;
				CLANG_WARN__DUPLICATE_METHOD_MATCH = YES;
				"CODE_SIGN_IDENTITY[sdk=iphoneos*]" = "iPhone Developer";
				COPY_PHASE_STRIP = NO;
				GCC_C_LANGUAGE_STANDARD = gnu99;
				GCC_DYNAMIC_NO_PIC = NO;
				GCC_OPTIMIZATION_LEVEL = 0;
				GCC_PREPROCESSOR_DEFINITIONS = (
					"DEBUG=1",
					"$(inherited)",
				);
				GCC_SYMBOLS_PRIVATE_EXTERN = NO;
				GCC_WARN_64_TO_32_BIT_CONVERSION = YES;
				GCC_WARN_ABOUT_RETURN_TYPE = YES_ERROR;
				GCC_WARN_UNDECLARED_SELECTOR = YES;
				GCC_WARN_UNINITIALIZED_AUTOS = YES;
				GCC_WARN_UNUSED_FUNCTION = YES;
				GCC_WARN_UNUSED_VARIABLE = YES;
				IPHONEOS_DEPLOYMENT_TARGET = 7.0;
				ONLY_ACTIVE_ARCH = YES;
				SDKROOT = iphoneos;
				TARGETED_DEVICE_FAMILY = 2;
			};
			name = Debug;
		};
		686C975B1888A88600BE6D42 /* Release */ = {
			isa = XCBuildConfiguration;
			buildSettings = {
				ALWAYS_SEARCH_USER_PATHS = NO;
				ARCHS = "$(ARCHS_STANDARD_INCLUDING_64_BIT)";
				CLANG_CXX_LANGUAGE_STANDARD = "gnu++0x";
				CLANG_CXX_LIBRARY = "libc++";
				CLANG_ENABLE_MODULES = YES;
				CLANG_ENABLE_OBJC_ARC = YES;
				CLANG_WARN_BOOL_CONVERSION = YES;
				CLANG_WARN_CONSTANT_CONVERSION = YES;
				CLANG_WARN_DIRECT_OBJC_ISA_USAGE = YES_ERROR;
				CLANG_WARN_EMPTY_BODY = YES;
				CLANG_WARN_ENUM_CONVERSION = YES;
				CLANG_WARN_INT_CONVERSION = YES;
				CLANG_WARN_OBJC_ROOT_CLASS = YES_ERROR;
				CLANG_WARN__DUPLICATE_METHOD_MATCH = YES;
				"CODE_SIGN_IDENTITY[sdk=iphoneos*]" = "iPhone Developer";
				COPY_PHASE_STRIP = YES;
				ENABLE_NS_ASSERTIONS = NO;
				GCC_C_LANGUAGE_STANDARD = gnu99;
				GCC_WARN_64_TO_32_BIT_CONVERSION = YES;
				GCC_WARN_ABOUT_RETURN_TYPE = YES_ERROR;
				GCC_WARN_UNDECLARED_SELECTOR = YES;
				GCC_WARN_UNINITIALIZED_AUTOS = YES;
				GCC_WARN_UNUSED_FUNCTION = YES;
				GCC_WARN_UNUSED_VARIABLE = YES;
				IPHONEOS_DEPLOYMENT_TARGET = 7.0;
				SDKROOT = iphoneos;
				TARGETED_DEVICE_FAMILY = 2;
				VALIDATE_PRODUCT = YES;
			};
			name = Release;
		};
		686C975D1888A88600BE6D42 /* Debug */ = {
			isa = XCBuildConfiguration;
			buildSettings = {
				ASSETCATALOG_COMPILER_APPICON_NAME = AppIcon;
				ASSETCATALOG_COMPILER_LAUNCHIMAGE_NAME = LaunchImage;
				GCC_PRECOMPILE_PREFIX_HEADER = YES;
				GCC_PREFIX_HEADER = "KingsNThings/KingsNThings-Prefix.pch";
				INFOPLIST_FILE = "KingsNThings/KingsNThings-Info.plist";
				PRODUCT_NAME = "$(TARGET_NAME)";
				SPRITEKIT_TEXTURE_ATLAS_OUTPUT = YES;
				WRAPPER_EXTENSION = app;
			};
			name = Debug;
		};
		686C975E1888A88600BE6D42 /* Release */ = {
			isa = XCBuildConfiguration;
			buildSettings = {
				ASSETCATALOG_COMPILER_APPICON_NAME = AppIcon;
				ASSETCATALOG_COMPILER_LAUNCHIMAGE_NAME = LaunchImage;
				GCC_PRECOMPILE_PREFIX_HEADER = YES;
				GCC_PREFIX_HEADER = "KingsNThings/KingsNThings-Prefix.pch";
				INFOPLIST_FILE = "KingsNThings/KingsNThings-Info.plist";
				PRODUCT_NAME = "$(TARGET_NAME)";
				SPRITEKIT_TEXTURE_ATLAS_OUTPUT = YES;
				WRAPPER_EXTENSION = app;
			};
			name = Release;
		};
		686C97601888A88600BE6D42 /* Debug */ = {
			isa = XCBuildConfiguration;
			buildSettings = {
				ARCHS = "$(ARCHS_STANDARD_INCLUDING_64_BIT)";
				BUNDLE_LOADER = "$(BUILT_PRODUCTS_DIR)/KingsNThings.app/KingsNThings";
				FRAMEWORK_SEARCH_PATHS = (
					"$(SDKROOT)/Developer/Library/Frameworks",
					"$(inherited)",
					"$(DEVELOPER_FRAMEWORKS_DIR)",
				);
				GCC_PRECOMPILE_PREFIX_HEADER = YES;
				GCC_PREFIX_HEADER = "KingsNThings/KingsNThings-Prefix.pch";
				GCC_PREPROCESSOR_DEFINITIONS = (
					"DEBUG=1",
					"$(inherited)",
				);
				INFOPLIST_FILE = "KingsNThingsTests/KingsNThingsTests-Info.plist";
				PRODUCT_NAME = "$(TARGET_NAME)";
				TEST_HOST = "$(BUNDLE_LOADER)";
				WRAPPER_EXTENSION = xctest;
			};
			name = Debug;
		};
		686C97611888A88600BE6D42 /* Release */ = {
			isa = XCBuildConfiguration;
			buildSettings = {
				ARCHS = "$(ARCHS_STANDARD_INCLUDING_64_BIT)";
				BUNDLE_LOADER = "$(BUILT_PRODUCTS_DIR)/KingsNThings.app/KingsNThings";
				FRAMEWORK_SEARCH_PATHS = (
					"$(SDKROOT)/Developer/Library/Frameworks",
					"$(inherited)",
					"$(DEVELOPER_FRAMEWORKS_DIR)",
				);
				GCC_PRECOMPILE_PREFIX_HEADER = YES;
				GCC_PREFIX_HEADER = "KingsNThings/KingsNThings-Prefix.pch";
				INFOPLIST_FILE = "KingsNThingsTests/KingsNThingsTests-Info.plist";
				PRODUCT_NAME = "$(TARGET_NAME)";
				TEST_HOST = "$(BUNDLE_LOADER)";
				WRAPPER_EXTENSION = xctest;
			};
			name = Release;
		};
/* End XCBuildConfiguration section */

/* Begin XCConfigurationList section */
		686C971E1888A88500BE6D42 /* Build configuration list for PBXProject "KingsNThings" */ = {
			isa = XCConfigurationList;
			buildConfigurations = (
				686C975A1888A88600BE6D42 /* Debug */,
				686C975B1888A88600BE6D42 /* Release */,
			);
			defaultConfigurationIsVisible = 0;
			defaultConfigurationName = Release;
		};
		686C975C1888A88600BE6D42 /* Build configuration list for PBXNativeTarget "KingsNThings" */ = {
			isa = XCConfigurationList;
			buildConfigurations = (
				686C975D1888A88600BE6D42 /* Debug */,
				686C975E1888A88600BE6D42 /* Release */,
			);
			defaultConfigurationIsVisible = 0;
			defaultConfigurationName = Release;
		};
		686C975F1888A88600BE6D42 /* Build configuration list for PBXNativeTarget "KingsNThingsTests" */ = {
			isa = XCConfigurationList;
			buildConfigurations = (
				686C97601888A88600BE6D42 /* Debug */,
				686C97611888A88600BE6D42 /* Release */,
			);
			defaultConfigurationIsVisible = 0;
			defaultConfigurationName = Release;
		};
/* End XCConfigurationList section */
	};
	rootObject = 686C971B1888A88500BE6D42 /* Project object */;
}
